
Microsoft Visual Studio Solution File, Format Version 12.00
# Visual Studio Version 16
VisualStudioVersion = 16.0.30804.86
MinimumVisualStudioVersion = 10.0.40219.1
Project("{9A19103F-16F7-4668-BE54-9A1E7A4F7556}") = "Api.App", "Api.App\Api.App.csproj", "{2243773A-36DB-41F1-911F-F9E0FDAED21D}"
EndProject
Project("{FAE04EC0-301F-11D3-BF4B-00C04F79EFBC}") = "Api.Business", "Api.Business\Api.Business.csproj", "{F509956C-D187-4A92-AD65-D0B34542F579}"
EndProject
Project("{FAE04EC0-301F-11D3-BF4B-00C04F79EFBC}") = "Api.Data", "Api.Data\Api.Data.csproj", "{6B398328-9A05-4AC7-8A71-66D172282288}"
EndProject
Global
	GlobalSection(SolutionConfigurationPlatforms) = preSolution
		Debug|Any CPU = Debug|Any CPU
		Release|Any CPU = Release|Any CPU
	EndGlobalSection
	GlobalSection(ProjectConfigurationPlatforms) = postSolution
		{2243773A-36DB-41F1-911F-F9E0FDAED21D}.Debug|Any CPU.ActiveCfg = Debug|Any CPU
		{2243773A-36DB-41F1-911F-F9E0FDAED21D}.Debug|Any CPU.Build.0 = Debug|Any CPU
		{2243773A-36DB-41F1-911F-F9E0FDAED21D}.Release|Any CPU.ActiveCfg = Release|Any CPU
		{2243773A-36DB-41F1-911F-F9E0FDAED21D}.Release|Any CPU.Build.0 = Release|Any CPU
		{F509956C-D187-4A92-AD65-D0B34542F579}.Debug|Any CPU.ActiveCfg = Debug|Any CPU
		{F509956C-D187-4A92-AD65-D0B34542F579}.Debug|Any CPU.Build.0 = Debug|Any CPU
		{F509956C-D187-4A92-AD65-D0B34542F579}.Release|Any CPU.ActiveCfg = Release|Any CPU
		{F509956C-D187-4A92-AD65-D0B34542F579}.Release|Any CPU.Build.0 = Release|Any CPU
		{6B398328-9A05-4AC7-8A71-66D172282288}.Debug|Any CPU.ActiveCfg = Debug|Any CPU
		{6B398328-9A05-4AC7-8A71-66D172282288}.Debug|Any CPU.Build.0 = Debug|Any CPU
		{6B398328-9A05-4AC7-8A71-66D172282288}.Release|Any CPU.ActiveCfg = Release|Any CPU
		{6B398328-9A05-4AC7-8A71-66D172282288}.Release|Any CPU.Build.0 = Release|Any CPU
	EndGlobalSection
	GlobalSection(SolutionProperties) = preSolution
		HideSolutionNode = FALSE
	EndGlobalSection
	GlobalSection(ExtensibilityGlobals) = postSolution
		SolutionGuid = {F2A5A674-76C5-40A5-920F-F7AEE6200C8C}
	EndGlobalSection
EndGlobal
